{
  "name": "frontend-web-support",
  "lockfileVersion": 3,
  "requires": true,
  "packages": {
    "": {
      "name": "frontend-web-support",
      "workspaces": [
        "support/env-as-html-data"
      ]
    },
    "node_modules/@heroku/env-as-html-data": {
      "resolved": "support/env-as-html-data",
      "link": true
    },
    "node_modules/balanced-match": {
      "version": "4.0.4",
      "license": "MIT",
      "engines": {
        "node": "18 || 20 || >=22"
      }
    },
    "node_modules/brace-expansion": {
      "version": "5.0.9",
      "license": "MIT",
      "dependencies": {
        "balanced-match": "^4.0.2"
      },
      "engines": {
        "node": "20 || >=22"
      }
    },
    "node_modules/glob": {
      "version": "13.0.6",
      "license": "BlueOak-1.0.0",
      "dependencies": {
        "minimatch": "^10.2.2",
        "minipass": "^7.1.3",
        "path-scurry": "^2.0.2"
      },
      "engines": {
        "node": "18 || 20 || >=22"
      },
      "funding": {
        "url": "https://github.com/sponsors/isaacs"
      }
    },
    "node_modules/lru-cache": {
      "version": "11.5.2",
      "license": "BlueOak-1.0.0",
      "engines": {
        "node": "20 || >=22"
      }
    },
    "node_modules/minimatch": {
      "version": "10.2.6",
      "license": "BlueOak-1.0.0",
      "dependencies": {
        "brace-expansion": "^5.0.8"
      },
      "engines": {
        "node": "18 || 20 || >=22"
      },
      "funding": {
        "url": "https://github.com/sponsors/isaacs"
      }
    },
    "node_modules/minipass": {
      "version": "7.1.3",
      "license": "BlueOak-1.0.0",
      "engines": {
        "node": ">=16 || 14 >=14.17"
      }
    },
    "node_modules/path-scurry": {
      "version": "2.0.2",
      "license": "BlueOak-1.0.0",
      "dependencies": {
        "lru-cache": "^11.0.0",
        "minipass": "^7.1.2"
      },
      "engines": {
        "node": "18 || 20 || >=22"
      },
      "funding": {
        "url": "https://github.com/sponsors/isaacs"
      }
    },
    "node_modules/toml": {
      "version": "5.0.0",
      "license": "MIT",
      "engines": {
        "node": ">=20"
      }
    },
    "support/env-as-html-data": {
      "name": "@heroku/env-as-html-data",
      "version": "2.1.0-pre.1-wasm",
      "license": "Apache-2.0",
      "dependencies": {
        "glob": "^13.0.6",
        "toml": "^5.0.0"
      },
      "bin": {
        "env-as-html-data": "bin/env-as-html-data"
      },
      "engines": {
        "node": ">=20"
      }
    },
    "support/env-as-html-data-wasm": {
      "name": "@heroku/env-as-html-data-wasm",
      "version": "0.0.0",
      "extraneous": true,
      "license": "Apache-2.0",
      "dependencies": {
        "glob": "^13.0.6",
        "toml": "^5.0.0"
      },
      "bin": {
        "env-as-html-data": "bin/env-as-html-data"
      },
      "engines": {
        "node": ">=20"
      }
    }
  }
}
